// !$*UTF8*$!
{
	archiveVersion = 1;
	classes = {
	};
	objectVersion = 48;
	objects = {

/* Begin PBXBuildFile section */
		FBBB53961FCFD9B000620CB2 /* AppDelegate.swift in Sources */ = {isa = PBXBuildFile; fileRef = FBBB53951FCFD9B000620CB2 /* AppDelegate.swift */; };
		FBBB53981FCFD9B000620CB2 /* MasterViewController.swift in Sources */ = {isa = PBXBuildFile; fileRef = FBBB53971FCFD9B000620CB2 /* MasterViewController.swift */; };
		FBBB539B1FCFD9B000620CB2 /* Main.storyboard in Resources */ = {isa = PBXBuildFile; fileRef = FBBB53991FCFD9B000620CB2 /* Main.storyboard */; };
		FBBB539D1FCFD9B000620CB2 /* Assets.xcassets in Resources */ = {isa = PBXBuildFile; fileRef = FBBB539C1FCFD9B000620CB2 /* Assets.xcassets */; };
		FBBB53A01FCFD9B000620CB2 /* LaunchScreen.storyboard in Resources */ = {isa = PBXBuildFile; fileRef = FBBB539E1FCFD9B000620CB2 /* LaunchScreen.storyboard */; };
		FBBB53A81FCFDE8900620CB2 /* SummaryViewController.swift in Sources */ = {isa = PBXBuildFile; fileRef = FBBB53A71FCFDE8900620CB2 /* SummaryViewController.swift */; };
		FBBB53AA1FCFDEC800620CB2 /* SessionsViewController.swift in Sources */ = {isa = PBXBuildFile; fileRef = FBBB53A91FCFDEC800620CB2 /* SessionsViewController.swift */; };
/* End PBXBuildFile section */

/* Begin PBXFileReference section */
		FBBB53921FCFD9B000620CB2 /* ViewControllerContainmentPractice.app */ = {isa = PBXFileReference; explicitFileType = wrapper.application; includeInIndex = 0; path = ViewControllerContainmentPractice.app; sourceTree = BUILT_PRODUCTS_DIR; };
		FBBB53951FCFD9B000620CB2 /* AppDelegate.swift */ = {isa = PBXFileReference; lastKnownFileType = sourcecode.swift; path = AppDelegate.swift; sourceTree = "<group>"; };
		FBBB53971FCFD9B000620CB2 /* MasterViewController.swift */ = {isa = PBXFileReference; lastKnownFileType = sourcecode.swift; path = MasterViewController.swift; sourceTree = "<group>"; };
		FBBB539A1FCFD9B000620CB2 /* Base */ = {isa = PBXFileReference; lastKnownFileType = file.storyboard; name = Base; path = Base.lproj/Main.storyboard; sourceTree = "<group>"; };
		FBBB539C1FCFD9B000620CB2 /* Assets.xcassets */ = {isa = PBXFileReference; lastKnownFileType = folder.assetcatalog; path = Assets.xcassets; sourceTree = "<group>"; };
		FBBB539F1FCFD9B000620CB2 /* Base */ = {isa = PBXFileReference; lastKnownFileType = file.storyboard; name = Base; path = Base.lproj/LaunchScreen.storyboard; sourceTree = "<group>"; };
		FBBB53A11FCFD9B000620CB2 /* Info.plist */ = {isa = PBXFileReference; lastKnownFileType = text.plist.xml; path = Info.plist; sourceTree = "<group>"; };
		FBBB53A71FCFDE8900620CB2 /* SummaryViewController.swift */ = {isa = PBXFileReference; lastKnownFileType = sourcecode.swift; path = SummaryViewController.swift; sourceTree = "<group>"; };
		FBBB53A91FCFDEC800620CB2 /* SessionsViewController.swift */ = {isa = PBXFileReference; lastKnownFileType = sourcecode.swift; path = SessionsViewController.swift; sourceTree = "<group>"; };
/* End PBXFileReference section */

/* Begin PBXFrameworksBuildPhase section */
		FBBB538F1FCFD9B000620CB2 /* Frameworks */ = {
			isa = PBXFrameworksBuildPhase;
			buildActionMask = 2147483647;
			files = (
			);
			runOnlyForDeploymentPostprocessing = 0;
		};
/* End PBXFrameworksBuildPhase section */

/* Begin PBXGroup section */
		FBBB53891FCFD9B000620CB2 = {
			isa = PBXGroup;
			children = (
				FBBB53941FCFD9B000620CB2 /* ViewControllerContainmentPractice */,
				FBBB53931FCFD9B000620CB2 /* Products */,
			);
			sourceTree = "<group>";
		};
		FBBB53931FCFD9B000620CB2 /* Products */ = {
			isa = PBXGroup;
			children = (
				FBBB53921FCFD9B000620CB2 /* ViewControllerContainmentPractice.app */,
			);
			name = Products;
			sourceTree = "<group>";
		};
		FBBB53941FCFD9B000620CB2 /* ViewControllerContainmentPractice */ = {
			isa = PBXGroup;
			children = (
				FBBB53951FCFD9B000620CB2 /* AppDelegate.swift */,
				FBBB53971FCFD9B000620CB2 /* MasterViewController.swift */,
				FBBB53A71FCFDE8900620CB2 /* SummaryViewController.swift */,
				FBBB53A91FCFDEC800620CB2 /* SessionsViewController.swift */,
				FBBB53991FCFD9B000620CB2 /* Main.storyboard */,
				FBBB539C1FCFD9B000620CB2 /* Assets.xcassets */,
				FBBB539E1FCFD9B000620CB2 /* LaunchScreen.storyboard */,
				FBBB53A11FCFD9B000620CB2 /* Info.plist */,
			);
			path = ViewControllerContainmentPractice;
			sourceTree = "<group>";
		};
/* End PBXGroup section */

/* Begin PBXNativeTarget section */
		FBBB53911FCFD9B000620CB2 /* ViewControllerContainmentPractice */ = {
			isa = PBXNativeTarget;
			buildConfigurationList = FBBB53A41FCFD9B000620CB2 /* Build configuration list for PBXNativeTarget "ViewControllerContainmentPractice" */;
			buildPhases = (
				FBBB538E1FCFD9B000620CB2 /* Sources */,
				FBBB538F1FCFD9B000620CB2 /* Frameworks */,
				FBBB53901FCFD9B000620CB2 /* Resources */,
			);
			buildRules = (
			);
			dependencies = (
			);
			name = ViewControllerContainmentPractice;
			productName = ViewControllerContainmentPractice;
			productReference = FBBB53921FCFD9B000620CB2 /* ViewControllerContainmentPractice.app */;
			productType = "com.apple.product-type.application";
		};
/* End PBXNativeTarget section */

/* Begin PBXProject section */
		FBBB538A1FCFD9B000620CB2 /* Project object */ = {
			isa = PBXProject;
			attributes = {
				LastSwiftUpdateCheck = 0910;
				LastUpgradeCheck = 0910;
				ORGANIZATIONNAME = Eddie;
				TargetAttributes = {
					FBBB53911FCFD9B000620CB2 = {
						CreatedOnToolsVersion = 9.1;
						ProvisioningStyle = Automatic;
					};
				};
			};
			buildConfigurationList = FBBB538D1FCFD9B000620CB2 /* Build configuration list for PBXProject "ViewControllerContainmentPractice" */;
			compatibilityVersion = "Xcode 8.0";
			developmentRegion = en;
			hasScannedForEncodings = 0;
			knownRegions = (
				en,
				Base,
			);
			mainGroup = FBBB53891FCFD9B000620CB2;
			productRefGroup = FBBB53931FCFD9B000620CB2 /* Products */;
			projectDirPath = "";
			projectRoot = "";
			targets = (
				FBBB53911FCFD9B000620CB2 /* ViewControllerContainmentPractice */,
			);
		};
/* End PBXProject section */

/* Begin PBXResourcesBuildPhase section */
		FBBB53901FCFD9B000620CB2 /* Resources */ = {
			isa = PBXResourcesBuildPhase;
			buildActionMask = 2147483647;
			files = (
				FBBB53A01FCFD9B000620CB2 /* LaunchScreen.storyboard in Resources */,
				FBBB539D1FCFD9B000620CB2 /* Assets.xcassets in Resources */,
				FBBB539B1FCFD9B000620CB2 /* Main.storyboard in Resources */,
			);
			runOnlyForDeploymentPostprocessing = 0;
		};
/* End PBXResourcesBuildPhase section */

/* Begin PBXSourcesBuildPhase section */
		FBBB538E1FCFD9B000620CB2 /* Sources */ = {
			isa = PBXSourcesBuildPhase;
			buildActionMask = 2147483647;
			files = (
				FBBB53981FCFD9B000620CB2 /* MasterViewController.swift in Sources */,
				FBBB53AA1FCFDEC800620CB2 /* SessionsViewController.swift in Sources */,
				FBBB53961FCFD9B000620CB2 /* AppDelegate.swift in Sources */,
				FBBB53A81FCFDE8900620CB2 /* SummaryViewController.swift in Sources */,
			);
			runOnlyForDeploymentPostprocessing = 0;
		};
/* End PBXSourcesBuildPhase section */

/* Begin PBXVariantGroup section */
		FBBB53991FCFD9B000620CB2 /* Main.storyboard */ = {
			isa = PBXVariantGroup;
			children = (
				FBBB539A1FCFD9B000620CB2 /* Base */,
			);
			name = Main.storyboard;
			sourceTree = "<group>";
		};
		FBBB539E1FCFD9B000620CB2 /* LaunchScreen.storyboard */ = {
			isa = PBXVariantGroup;
			children = (
				FBBB539F1FCFD9B000620CB2 /* Base */,
			);
			name = LaunchScreen.storyboard;
			sourceTree = "<group>";
		};
/* End PBXVariantGroup section */

/* Begin XCBuildConfiguration section */
		FBBB53A21FCFD9B000620CB2 /* Debug */ = {
			isa = XCBuildConfiguration;
			buildSettings = {
				ALWAYS_SEARCH_USER_PATHS = NO;
				CLANG_ANALYZER_NONNULL = YES;
				CLANG_ANALYZER_NUMBER_OBJECT_CONVERSION = YES_AGGRESSIVE;
				CLANG_CXX_LANGUAGE_STANDARD = "gnu++14";
				CLANG_CXX_LIBRARY = "libc++";
				CLANG_ENABLE_MODULES = YES;
				CLANG_ENABLE_OBJC_ARC = YES;
				CLANG_WARN_BLOCK_CAPTURE_AUTORELEASING = YES;
				CLANG_WARN_BOOL_CONVERSION = YES;
				CLANG_WARN_COMMA = YES;
				CLANG_WARN_CONSTANT_CONVERSION = YES;
				CLANG_WARN_DIRECT_OBJC_ISA_USAGE = YES_ERROR;
				CLANG_WARN_DOCUMENTATION_COMMENTS = YES;
				CLANG_WARN_EMPTY_BODY = YES;
				CLANG_WARN_ENUM_CONVERSION = YES;
				CLANG_WARN_INFINITE_RECURSION = YES;
				CLANG_WARN_INT_CONVERSION = YES;
				CLANG_WARN_NON_LITERAL_NULL_CONVERSION = YES;
				CLANG_WARN_OBJC_LITERAL_CONVERSION = YES;
				CLANG_WARN_OBJC_ROOT_CLASS = YES_ERROR;
				CLANG_WARN_RANGE_LOOP_ANALYSIS = YES;
				CLANG_WARN_STRICT_PROTOTYPES = YES;
				CLANG_WARN_SUSPICIOUS_MOVE = YES;
				CLANG_WARN_UNGUARDED_AVAILABILITY = YES_AGGRESSIVE;
				CLANG_WARN_UNREACHABLE_CODE = YES;
				CLANG_WARN__DUPLICATE_METHOD_MATCH = YES;
				CODE_SIGN_IDENTITY = "iPhone Developer";
				COPY_PHASE_STRIP = NO;
				DEBUG_INFORMATION_FORMAT = dwarf;
				ENABLE_STRICT_OBJC_MSGSEND = YES;
				ENABLE_TESTABILITY = YES;
				GCC_C_LANGUAGE_STANDARD = gnu11;
				GCC_DYNAMIC_NO_PIC = NO;
				GCC_NO_COMMON_BLOCKS = YES;
				GCC_OPTIMIZATION_LEVEL = 0;
				GCC_PREPROCESSOR_DEFINITIONS = (
					"DEBUG=1",
					"$(inherited)",
				);
				GCC_WARN_64_TO_32_BIT_CONVERSION = YES;
				GCC_WARN_ABOUT_RETURN_TYPE = YES_ERROR;
				GCC_WARN_UNDECLARED_SELECTOR = YES;
				GCC_WARN_UNINITIALIZED_AUTOS = YES_AGGRESSIVE;
				GCC_WARN_UNUSED_FUNCTION = YES;
				GCC_WARN_UNUSED_VARIABLE = YES;
				IPHONEOS_DEPLOYMENT_TARGET = 11.1;
				MTL_ENABLE_DEBUG_INFO = YES;
				ONLY_ACTIVE_ARCH = YES;
				SDKROOT = iphoneos;
				SWIFT_ACTIVE_COMPILATION_CONDITIONS = DEBUG;
				SWIFT_OPTIMIZATION_LEVEL = "-Onone";
			};
			name = Debug;
		};
		FBBB53A31FCFD9B000620CB2 /* Release */ = {
			isa = XCBuildConfiguration;
			buildSettings = {
				ALWAYS_SEARCH_USER_PATHS = NO;
				CLANG_ANALYZER_NONNULL = YES;
				CLANG_ANALYZER_NUMBER_OBJECT_CONVERSION = YES_AGGRESSIVE;
				CLANG_CXX_LANGUAGE_STANDARD = "gnu++14";
				CLANG_CXX_LIBRARY = "libc++";
				CLANG_ENABLE_MODULES = YES;
				CLANG_ENABLE_OBJC_ARC = YES;
				CLANG_WARN_BLOCK_CAPTURE_AUTORELEASING = YES;
				CLANG_WARN_BOOL_CONVERSION = YES;
				CLANG_WARN_COMMA = YES;
				CLANG_WARN_CONSTANT_CONVERSION = YES;
				CLANG_WARN_DIRECT_OBJC_ISA_USAGE = YES_ERROR;
				CLANG_WARN_DOCUMENTATION_COMMENTS = YES;
				CLANG_WARN_EMPTY_BODY = YES;
				CLANG_WARN_ENUM_CONVERSION = YES;
				CLANG_WARN_INFINITE_RECURSION = YES;
				CLANG_WARN_INT_CONVERSION = YES;
				CLANG_WARN_NON_LITERAL_NULL_CONVERSION = YES;
				CLANG_WARN_OBJC_LITERAL_CONVERSION = YES;
				CLANG_WARN_OBJC_ROOT_CLASS = YES_ERROR;
				CLANG_WARN_RANGE_LOOP_ANALYSIS = YES;
				CLANG_WARN_STRICT_PROTOTYPES = YES;
				CLANG_WARN_SUSPICIOUS_MOVE = YES;
				CLANG_WARN_UNGUARDED_AVAILABILITY = YES_AGGRESSIVE;
				CLANG_WARN_UNREACHABLE_CODE = YES;
				CLANG_WARN__DUPLICATE_METHOD_MATCH = YES;
				CODE_SIGN_IDENTITY = "iPhone Developer";
				COPY_PHASE_STRIP = NO;
				DEBUG_INFORMATION_FORMAT = "dwarf-with-dsym";
				ENABLE_NS_ASSERTIONS = NO;
				ENABLE_STRICT_OBJC_MSGSEND = YES;
				GCC_C_LANGUAGE_STANDARD = gnu11;
				GCC_NO_COMMON_BLOCKS = YES;
				GCC_WARN_64_TO_32_BIT_CONVERSION = YES;
				GCC_WARN_ABOUT_RETURN_TYPE = YES_ERROR;
				GCC_WARN_UNDECLARED_SELECTOR = YES;
				GCC_WARN_UNINITIALIZED_AUTOS = YES_AGGRESSIVE;
				GCC_WARN_UNUSED_FUNCTION = YES;
				GCC_WARN_UNUSED_VARIABLE = YES;
				IPHONEOS_DEPLOYMENT_TARGET = 11.1;
				MTL_ENABLE_DEBUG_INFO = NO;
				SDKROOT = iphoneos;
				SWIFT_OPTIMIZATION_LEVEL = "-Owholemodule";
				VALIDATE_PRODUCT = YES;
			};
			name = Release;
		};
		FBBB53A51FCFD9B000620CB2 /* Debug */ = {
			isa = XCBuildConfiguration;
			buildSettings = {
				ASSETCATALOG_COMPILER_APPICON_NAME = AppIcon;
				CODE_SIGN_STYLE = Automatic;
				DEVELOPMENT_TEAM = UG6S92QCHF;
				INFOPLIST_FILE = ViewControllerContainmentPractice/Info.plist;
				LD_RUNPATH_SEARCH_PATHS = "$(inherited) @executable_path/Frameworks";
				PRODUCT_BUNDLE_IDENTIFIER = EddieCheng.ViewControllerContainmentPractice;
				PRODUCT_NAME = "$(TARGET_NAME)";
				SWIFT_VERSION = 4.0;
				TARGETED_DEVICE_FAMILY = "1,2";
			};
			name = Debug;
		};
		FBBB53A61FCFD9B000620CB2 /* Release */ = {
			isa = XCBuildConfiguration;
			buildSettings = {
				ASSETCATALOG_COMPILER_APPICON_NAME = AppIcon;
				CODE_SIGN_STYLE = Automatic;
				DEVELOPMENT_TEAM = UG6S92QCHF;
				INFOPLIST_FILE = ViewControllerContainmentPractice/Info.plist;
				LD_RUNPATH_SEARCH_PATHS = "$(inherited) @executable_path/Frameworks";
				PRODUCT_BUNDLE_IDENTIFIER = EddieCheng.ViewControllerContainmentPractice;
				PRODUCT_NAME = "$(TARGET_NAME)";
				SWIFT_VERSION = 4.0;
				TARGETED_DEVICE_FAMILY = "1,2";
			};
			name = Release;
		};
/* End XCBuildConfiguration section */

/* Begin XCConfigurationList section */
		FBBB538D1FCFD9B000620CB2 /* Build configuration list for PBXProject "ViewControllerContainmentPractice" */ = {
			isa = XCConfigurationList;
			buildConfigurations = (
				FBBB53A21FCFD9B000620CB2 /* Debug */,
				FBBB53A31FCFD9B000620CB2 /* Release */,
			);
			defaultConfigurationIsVisible = 0;
			defaultConfigurationName = Release;
		};
		FBBB53A41FCFD9B000620CB2 /* Build configuration list for PBXNativeTarget "ViewControllerContainmentPractice" */ = {
			isa = XCConfigurationList;
			buildConfigurations = (
				FBBB53A51FCFD9B000620CB2 /* Debug */,
				FBBB53A61FCFD9B000620CB2 /* Release */,
			);
			defaultConfigurationIsVisible = 0;
			defaultConfigurationName = Release;
		};
/* End XCConfigurationList section */
	};
	rootObject = FBBB538A1FCFD9B000620CB2 /* Project object */;
}
